
Microsoft Visual Studio Solution File, Format Version 12.00
# Visual Studio 15
VisualStudioVersion = 15.0.28307.902
MinimumVisualStudioVersion = 10.0.40219.1
Project("{FAE04EC0-301F-11D3-BF4B-00C04F79EFBC}") = "WepApiCore", "WepApiCore\WepApiCore.csproj", "{317345FA-F903-40A5-A976-CBA85A244998}"
EndProject
Global
	GlobalSection(SolutionConfigurationPlatforms) = preSolution
		Debug|Any CPU = Debug|Any CPU
		Release|Any CPU = Release|Any CPU
	EndGlobalSection
	GlobalSection(ProjectConfigurationPlatforms) = postSolution
		{317345FA-F903-40A5-A976-CBA85A244998}.Debug|Any CPU.ActiveCfg = Debug|Any CPU
		{317345FA-F903-40A5-A976-CBA85A244998}.Debug|Any CPU.Build.0 = Debug|Any CPU
		{317345FA-F903-40A5-A976-CBA85A244998}.Release|Any CPU.ActiveCfg = Release|Any CPU
		{317345FA-F903-40A5-A976-CBA85A244998}.Release|Any CPU.Build.0 = Release|Any CPU
	EndGlobalSection
	GlobalSection(SolutionProperties) = preSolution
		HideSolutionNode = FALSE
	EndGlobalSection
	GlobalSection(ExtensibilityGlobals) = postSolution
		SolutionGuid = {74FA646D-42DC-4988-8B03-A41CF4B5CB77}
	EndGlobalSection
EndGlobal
